
Microsoft Visual Studio Solution File, Format Version 12.00
# Visual Studio Version 17
VisualStudioVersion = 17.8.34316.72
MinimumVisualStudioVersion = 10.0.40219.1
Project("{FAE04EC0-301F-11D3-BF4B-00C04F79EFBC}") = "LSC.SmartCartHub", "LSC.SmartCartHub.csproj", "{6E203231-B517-4065-81B1-C6A5A871C566}"
EndProject
Global
	GlobalSection(SolutionConfigurationPlatforms) = preSolution
		Debug|Any CPU = Debug|Any CPU
		Release|Any CPU = Release|Any CPU
	EndGlobalSection
	GlobalSection(ProjectConfigurationPlatforms) = postSolution
		{6E203231-B517-4065-81B1-C6A5A871C566}.Debug|Any CPU.ActiveCfg = Debug|Any CPU
		{6E203231-B517-4065-81B1-C6A5A871C566}.Debug|Any CPU.Build.0 = Debug|Any CPU
		{6E203231-B517-4065-81B1-C6A5A871C566}.Release|Any CPU.ActiveCfg = Release|Any CPU
		{6E203231-B517-4065-81B1-C6A5A871C566}.Release|Any CPU.Build.0 = Release|Any CPU
	EndGlobalSection
	GlobalSection(SolutionProperties) = preSolution
		HideSolutionNode = FALSE
	EndGlobalSection
	GlobalSection(ExtensibilityGlobals) = postSolution
		SolutionGuid = {96AE0815-53F7-498E-A629-4BBFCA26D838}
	EndGlobalSection
EndGlobal
